// !$*UTF8*$!
{
	archiveVersion = 1;
	classes = {
	};
	objectVersion = 50;
	objects = {

/* Begin PBXBuildFile section */
		42AB267124C8A07F007B5E37 /* AppDelegate.swift in Sources */ = {isa = PBXBuildFile; fileRef = 42AB267024C8A07F007B5E37 /* AppDelegate.swift */; };
		42AB267324C8A07F007B5E37 /* SceneDelegate.swift in Sources */ = {isa = PBXBuildFile; fileRef = 42AB267224C8A07F007B5E37 /* SceneDelegate.swift */; };
		42AB267524C8A07F007B5E37 /* ViewController.swift in Sources */ = {isa = PBXBuildFile; fileRef = 42AB267424C8A07F007B5E37 /* ViewController.swift */; };
		42AB267824C8A07F007B5E37 /* Main.storyboard in Resources */ = {isa = PBXBuildFile; fileRef = 42AB267624C8A07F007B5E37 /* Main.storyboard */; };
		42AB267A24C8A080007B5E37 /* Assets.xcassets in Resources */ = {isa = PBXBuildFile; fileRef = 42AB267924C8A080007B5E37 /* Assets.xcassets */; };
		42AB267D24C8A080007B5E37 /* LaunchScreen.storyboard in Resources */ = {isa = PBXBuildFile; fileRef = 42AB267B24C8A080007B5E37 /* LaunchScreen.storyboard */; };
		42AB268824C8A081007B5E37 /* tipTests.swift in Sources */ = {isa = PBXBuildFile; fileRef = 42AB268724C8A081007B5E37 /* tipTests.swift */; };
		42AB269324C8A081007B5E37 /* tipUITests.swift in Sources */ = {isa = PBXBuildFile; fileRef = 42AB269224C8A081007B5E37 /* tipUITests.swift */; };
/* End PBXBuildFile section */

/* Begin PBXContainerItemProxy section */
		42AB268424C8A081007B5E37 /* PBXContainerItemProxy */ = {
			isa = PBXContainerItemProxy;
			containerPortal = 42AB266524C8A07F007B5E37 /* Project object */;
			proxyType = 1;
			remoteGlobalIDString = 42AB266C24C8A07F007B5E37;
			remoteInfo = tip;
		};
		42AB268F24C8A081007B5E37 /* PBXContainerItemProxy */ = {
			isa = PBXContainerItemProxy;
			containerPortal = 42AB266524C8A07F007B5E37 /* Project object */;
			proxyType = 1;
			remoteGlobalIDString = 42AB266C24C8A07F007B5E37;
			remoteInfo = tip;
		};
/* End PBXContainerItemProxy section */

/* Begin PBXFileReference section */
		42AB266D24C8A07F007B5E37 /* tip.app */ = {isa = PBXFileReference; explicitFileType = wrapper.application; includeInIndex = 0; path = tip.app; sourceTree = BUILT_PRODUCTS_DIR; };
		42AB267024C8A07F007B5E37 /* AppDelegate.swift */ = {isa = PBXFileReference; lastKnownFileType = sourcecode.swift; path = AppDelegate.swift; sourceTree = "<group>"; };
		42AB267224C8A07F007B5E37 /* SceneDelegate.swift */ = {isa = PBXFileReference; lastKnownFileType = sourcecode.swift; path = SceneDelegate.swift; sourceTree = "<group>"; };
		42AB267424C8A07F007B5E37 /* ViewController.swift */ = {isa = PBXFileReference; lastKnownFileType = sourcecode.swift; path = ViewController.swift; sourceTree = "<group>"; };
		42AB267724C8A07F007B5E37 /* Base */ = {isa = PBXFileReference; lastKnownFileType = file.storyboard; name = Base; path = Base.lproj/Main.storyboard; sourceTree = "<group>"; };
		42AB267924C8A080007B5E37 /* Assets.xcassets */ = {isa = PBXFileReference; lastKnownFileType = folder.assetcatalog; path = Assets.xcassets; sourceTree = "<group>"; };
		42AB267C24C8A080007B5E37 /* Base */ = {isa = PBXFileReference; lastKnownFileType = file.storyboard; name = Base; path = Base.lproj/LaunchScreen.storyboard; sourceTree = "<group>"; };
		42AB267E24C8A080007B5E37 /* Info.plist */ = {isa = PBXFileReference; lastKnownFileType = text.plist.xml; path = Info.plist; sourceTree = "<group>"; };
		42AB268324C8A081007B5E37 /* tipTests.xctest */ = {isa = PBXFileReference; explicitFileType = wrapper.cfbundle; includeInIndex = 0; path = tipTests.xctest; sourceTree = BUILT_PRODUCTS_DIR; };
		42AB268724C8A081007B5E37 /* tipTests.swift */ = {isa = PBXFileReference; lastKnownFileType = sourcecode.swift; path = tipTests.swift; sourceTree = "<group>"; };
		42AB268924C8A081007B5E37 /* Info.plist */ = {isa = PBXFileReference; lastKnownFileType = text.plist.xml; path = Info.plist; sourceTree = "<group>"; };
		42AB268E24C8A081007B5E37 /* tipUITests.xctest */ = {isa = PBXFileReference; explicitFileType = wrapper.cfbundle; includeInIndex = 0; path = tipUITests.xctest; sourceTree = BUILT_PRODUCTS_DIR; };
		42AB269224C8A081007B5E37 /* tipUITests.swift */ = {isa = PBXFileReference; lastKnownFileType = sourcecode.swift; path = tipUITests.swift; sourceTree = "<group>"; };
		42AB269424C8A081007B5E37 /* Info.plist */ = {isa = PBXFileReference; lastKnownFileType = text.plist.xml; path = Info.plist; sourceTree = "<group>"; };
/* End PBXFileReference section */

/* Begin PBXFrameworksBuildPhase section */
		42AB266A24C8A07F007B5E37 /* Frameworks */ = {
			isa = PBXFrameworksBuildPhase;
			buildActionMask = 2147483647;
			files = (
			);
			runOnlyForDeploymentPostprocessing = 0;
		};
		42AB268024C8A081007B5E37 /* Frameworks */ = {
			isa = PBXFrameworksBuildPhase;
			buildActionMask = 2147483647;
			files = (
			);
			runOnlyForDeploymentPostprocessing = 0;
		};
		42AB268B24C8A081007B5E37 /* Frameworks */ = {
			isa = PBXFrameworksBuildPhase;
			buildActionMask = 2147483647;
			files = (
			);
			runOnlyForDeploymentPostprocessing = 0;
		};
/* End PBXFrameworksBuildPhase section */

/* Begin PBXGroup section */
		42AB266424C8A07F007B5E37 = {
			isa = PBXGroup;
			children = (
				42AB266F24C8A07F007B5E37 /* tip */,
				42AB268624C8A081007B5E37 /* tipTests */,
				42AB269124C8A081007B5E37 /* tipUITests */,
				42AB266E24C8A07F007B5E37 /* Products */,
			);
			sourceTree = "<group>";
		};
		42AB266E24C8A07F007B5E37 /* Products */ = {
			isa = PBXGroup;
			children = (
				42AB266D24C8A07F007B5E37 /* tip.app */,
				42AB268324C8A081007B5E37 /* tipTests.xctest */,
				42AB268E24C8A081007B5E37 /* tipUITests.xctest */,
			);
			name = Products;
			sourceTree = "<group>";
		};
		42AB266F24C8A07F007B5E37 /* tip */ = {
			isa = PBXGroup;
			children = (
				42AB267024C8A07F007B5E37 /* AppDelegate.swift */,
				42AB267224C8A07F007B5E37 /* SceneDelegate.swift */,
				42AB267424C8A07F007B5E37 /* ViewController.swift */,
				42AB267624C8A07F007B5E37 /* Main.storyboard */,
				42AB267924C8A080007B5E37 /* Assets.xcassets */,
				42AB267B24C8A080007B5E37 /* LaunchScreen.storyboard */,
				42AB267E24C8A080007B5E37 /* Info.plist */,
			);
			path = tip;
			sourceTree = "<group>";
		};
		42AB268624C8A081007B5E37 /* tipTests */ = {
			isa = PBXGroup;
			children = (
				42AB268724C8A081007B5E37 /* tipTests.swift */,
				42AB268924C8A081007B5E37 /* Info.plist */,
			);
			path = tipTests;
			sourceTree = "<group>";
		};
		42AB269124C8A081007B5E37 /* tipUITests */ = {
			isa = PBXGroup;
			children = (
				42AB269224C8A081007B5E37 /* tipUITests.swift */,
				42AB269424C8A081007B5E37 /* Info.plist */,
			);
			path = tipUITests;
			sourceTree = "<group>";
		};
/* End PBXGroup section */

/* Begin PBXNativeTarget section */
		42AB266C24C8A07F007B5E37 /* tip */ = {
			isa = PBXNativeTarget;
			buildConfigurationList = 42AB269724C8A081007B5E37 /* Build configuration list for PBXNativeTarget "tip" */;
			buildPhases = (
				42AB266924C8A07F007B5E37 /* Sources */,
				42AB266A24C8A07F007B5E37 /* Frameworks */,
				42AB266B24C8A07F007B5E37 /* Resources */,
			);
			buildRules = (
			);
			dependencies = (
			);
			name = tip;
			productName = tip;
			productReference = 42AB266D24C8A07F007B5E37 /* tip.app */;
			productType = "com.apple.product-type.application";
		};
		42AB268224C8A081007B5E37 /* tipTests */ = {
			isa = PBXNativeTarget;
			buildConfigurationList = 42AB269A24C8A081007B5E37 /* Build configuration list for PBXNativeTarget "tipTests" */;
			buildPhases = (
				42AB267F24C8A081007B5E37 /* Sources */,
				42AB268024C8A081007B5E37 /* Frameworks */,
				42AB268124C8A081007B5E37 /* Resources */,
			);
			buildRules = (
			);
			dependencies = (
				42AB268524C8A081007B5E37 /* PBXTargetDependency */,
			);
			name = tipTests;
			productName = tipTests;
			productReference = 42AB268324C8A081007B5E37 /* tipTests.xctest */;
			productType = "com.apple.product-type.bundle.unit-test";
		};
		42AB268D24C8A081007B5E37 /* tipUITests */ = {
			isa = PBXNativeTarget;
			buildConfigurationList = 42AB269D24C8A081007B5E37 /* Build configuration list for PBXNativeTarget "tipUITests" */;
			buildPhases = (
				42AB268A24C8A081007B5E37 /* Sources */,
				42AB268B24C8A081007B5E37 /* Frameworks */,
				42AB268C24C8A081007B5E37 /* Resources */,
			);
			buildRules = (
			);
			dependencies = (
				42AB269024C8A081007B5E37 /* PBXTargetDependency */,
			);
			name = tipUITests;
			productName = tipUITests;
			productReference = 42AB268E24C8A081007B5E37 /* tipUITests.xctest */;
			productType = "com.apple.product-type.bundle.ui-testing";
		};
/* End PBXNativeTarget section */

/* Begin PBXProject section */
		42AB266524C8A07F007B5E37 /* Project object */ = {
			isa = PBXProject;
			attributes = {
				LastSwiftUpdateCheck = 1130;
				LastUpgradeCheck = 1130;
				ORGANIZATIONNAME = Codepath;
				TargetAttributes = {
					42AB266C24C8A07F007B5E37 = {
						CreatedOnToolsVersion = 11.3.1;
					};
					42AB268224C8A081007B5E37 = {
						CreatedOnToolsVersion = 11.3.1;
						TestTargetID = 42AB266C24C8A07F007B5E37;
					};
					42AB268D24C8A081007B5E37 = {
						CreatedOnToolsVersion = 11.3.1;
						TestTargetID = 42AB266C24C8A07F007B5E37;
					};
				};
			};
			buildConfigurationList = 42AB266824C8A07F007B5E37 /* Build configuration list for PBXProject "tip" */;
			compatibilityVersion = "Xcode 9.3";
			developmentRegion = en;
			hasScannedForEncodings = 0;
			knownRegions = (
				en,
				Base,
			);
			mainGroup = 42AB266424C8A07F007B5E37;
			productRefGroup = 42AB266E24C8A07F007B5E37 /* Products */;
			projectDirPath = "";
			projectRoot = "";
			targets = (
				42AB266C24C8A07F007B5E37 /* tip */,
				42AB268224C8A081007B5E37 /* tipTests */,
				42AB268D24C8A081007B5E37 /* tipUITests */,
			);
		};
/* End PBXProject section */

/* Begin PBXResourcesBuildPhase section */
		42AB266B24C8A07F007B5E37 /* Resources */ = {
			isa = PBXResourcesBuildPhase;
			buildActionMask = 2147483647;
			files = (
				42AB267D24C8A080007B5E37 /* LaunchScreen.storyboard in Resources */,
				42AB267A24C8A080007B5E37 /* Assets.xcassets in Resources */,
				42AB267824C8A07F007B5E37 /* Main.storyboard in Resources */,
			);
			runOnlyForDeploymentPostprocessing = 0;
		};
		42AB268124C8A081007B5E37 /* Resources */ = {
			isa = PBXResourcesBuildPhase;
			buildActionMask = 2147483647;
			files = (
			);
			runOnlyForDeploymentPostprocessing = 0;
		};
		42AB268C24C8A081007B5E37 /* Resources */ = {
			isa = PBXResourcesBuildPhase;
			buildActionMask = 2147483647;
			files = (
			);
			runOnlyForDeploymentPostprocessing = 0;
		};
/* End PBXResourcesBuildPhase section */

/* Begin PBXSourcesBuildPhase section */
		42AB266924C8A07F007B5E37 /* Sources */ = {
			isa = PBXSourcesBuildPhase;
			buildActionMask = 2147483647;
			files = (
				42AB267524C8A07F007B5E37 /* ViewController.swift in Sources */,
				42AB267124C8A07F007B5E37 /* AppDelegate.swift in Sources */,
				42AB267324C8A07F007B5E37 /* SceneDelegate.swift in Sources */,
			);
			runOnlyForDeploymentPostprocessing = 0;
		};
		42AB267F24C8A081007B5E37 /* Sources */ = {
			isa = PBXSourcesBuildPhase;
			buildActionMask = 2147483647;
			files = (
				42AB268824C8A081007B5E37 /* tipTests.swift in Sources */,
			);
			runOnlyForDeploymentPostprocessing = 0;
		};
		42AB268A24C8A081007B5E37 /* Sources */ = {
			isa = PBXSourcesBuildPhase;
			buildActionMask = 2147483647;
			files = (
				42AB269324C8A081007B5E37 /* tipUITests.swift in Sources */,
			);
			runOnlyForDeploymentPostprocessing = 0;
		};
/* End PBXSourcesBuildPhase section */

/* Begin PBXTargetDependency section */
		42AB268524C8A081007B5E37 /* PBXTargetDependency */ = {
			isa = PBXTargetDependency;
			target = 42AB266C24C8A07F007B5E37 /* tip */;
			targetProxy = 42AB268424C8A081007B5E37 /* PBXContainerItemProxy */;
		};
		42AB269024C8A081007B5E37 /* PBXTargetDependency */ = {
			isa = PBXTargetDependency;
			target = 42AB266C24C8A07F007B5E37 /* tip */;
			targetProxy = 42AB268F24C8A081007B5E37 /* PBXContainerItemProxy */;
		};
/* End PBXTargetDependency section */

/* Begin PBXVariantGroup section */
		42AB267624C8A07F007B5E37 /* Main.storyboard */ = {
			isa = PBXVariantGroup;
			children = (
				42AB267724C8A07F007B5E37 /* Base */,
			);
			name = Main.storyboard;
			sourceTree = "<group>";
		};
		42AB267B24C8A080007B5E37 /* LaunchScreen.storyboard */ = {
			isa = PBXVariantGroup;
			children = (
				42AB267C24C8A080007B5E37 /* Base */,
			);
			name = LaunchScreen.storyboard;
			sourceTree = "<group>";
		};
/* End PBXVariantGroup section */

/* Begin XCBuildConfiguration section */
		42AB269524C8A081007B5E37 /* Debug */ = {
			isa = XCBuildConfiguration;
			buildSettings = {
				ALWAYS_SEARCH_USER_PATHS = NO;
				CLANG_ANALYZER_NONNULL = YES;
				CLANG_ANALYZER_NUMBER_OBJECT_CONVERSION = YES_AGGRESSIVE;
				CLANG_CXX_LANGUAGE_STANDARD = "gnu++14";
				CLANG_CXX_LIBRARY = "libc++";
				CLANG_ENABLE_MODULES = YES;
				CLANG_ENABLE_OBJC_ARC = YES;
				CLANG_ENABLE_OBJC_WEAK = YES;
				CLANG_WARN_BLOCK_CAPTURE_AUTORELEASING = YES;
				CLANG_WARN_BOOL_CONVERSION = YES;
				CLANG_WARN_COMMA = YES;
				CLANG_WARN_CONSTANT_CONVERSION = YES;
				CLANG_WARN_DEPRECATED_OBJC_IMPLEMENTATIONS = YES;
				CLANG_WARN_DIRECT_OBJC_ISA_USAGE = YES_ERROR;
				CLANG_WARN_DOCUMENTATION_COMMENTS = YES;
				CLANG_WARN_EMPTY_BODY = YES;
				CLANG_WARN_ENUM_CONVERSION = YES;
				CLANG_WARN_INFINITE_RECURSION = YES;
				CLANG_WARN_INT_CONVERSION = YES;
				CLANG_WARN_NON_LITERAL_NULL_CONVERSION = YES;
				CLANG_WARN_OBJC_IMPLICIT_RETAIN_SELF = YES;
				CLANG_WARN_OBJC_LITERAL_CONVERSION = YES;
				CLANG_WARN_OBJC_ROOT_CLASS = YES_ERROR;
				CLANG_WARN_RANGE_LOOP_ANALYSIS = YES;
				CLANG_WARN_STRICT_PROTOTYPES = YES;
				CLANG_WARN_SUSPICIOUS_MOVE = YES;
				CLANG_WARN_UNGUARDED_AVAILABILITY = YES_AGGRESSIVE;
				CLANG_WARN_UNREACHABLE_CODE = YES;
				CLANG_WARN__DUPLICATE_METHOD_MATCH = YES;
				COPY_PHASE_STRIP = NO;
				DEBUG_INFORMATION_FORMAT = dwarf;
				ENABLE_STRICT_OBJC_MSGSEND = YES;
				ENABLE_TESTABILITY = YES;
				GCC_C_LANGUAGE_STANDARD = gnu11;
				GCC_DYNAMIC_NO_PIC = NO;
				GCC_NO_COMMON_BLOCKS = YES;
				GCC_OPTIMIZATION_LEVEL = 0;
				GCC_PREPROCESSOR_DEFINITIONS = (
					"DEBUG=1",
					"$(inherited)",
				);
				GCC_WARN_64_TO_32_BIT_CONVERSION = YES;
				GCC_WARN_ABOUT_RETURN_TYPE = YES_ERROR;
				GCC_WARN_UNDECLARED_SELECTOR = YES;
				GCC_WARN_UNINITIALIZED_AUTOS = YES_AGGRESSIVE;
				GCC_WARN_UNUSED_FUNCTION = YES;
				GCC_WARN_UNUSED_VARIABLE = YES;
				IPHONEOS_DEPLOYMENT_TARGET = 13.2;
				MTL_ENABLE_DEBUG_INFO = INCLUDE_SOURCE;
				MTL_FAST_MATH = YES;
				ONLY_ACTIVE_ARCH = YES;
				SDKROOT = iphoneos;
				SWIFT_ACTIVE_COMPILATION_CONDITIONS = DEBUG;
				SWIFT_OPTIMIZATION_LEVEL = "-Onone";
			};
			name = Debug;
		};
		42AB269624C8A081007B5E37 /* Release */ = {
			isa = XCBuildConfiguration;
			buildSettings = {
				ALWAYS_SEARCH_USER_PATHS = NO;
				CLANG_ANALYZER_NONNULL = YES;
				CLANG_ANALYZER_NUMBER_OBJECT_CONVERSION = YES_AGGRESSIVE;
				CLANG_CXX_LANGUAGE_STANDARD = "gnu++14";
				CLANG_CXX_LIBRARY = "libc++";
				CLANG_ENABLE_MODULES = YES;
				CLANG_ENABLE_OBJC_ARC = YES;
				CLANG_ENABLE_OBJC_WEAK = YES;
				CLANG_WARN_BLOCK_CAPTURE_AUTORELEASING = YES;
				CLANG_WARN_BOOL_CONVERSION = YES;
				CLANG_WARN_COMMA = YES;
				CLANG_WARN_CONSTANT_CONVERSION = YES;
				CLANG_WARN_DEPRECATED_OBJC_IMPLEMENTATIONS = YES;
				CLANG_WARN_DIRECT_OBJC_ISA_USAGE = YES_ERROR;
				CLANG_WARN_DOCUMENTATION_COMMENTS = YES;
				CLANG_WARN_EMPTY_BODY = YES;
				CLANG_WARN_ENUM_CONVERSION = YES;
				CLANG_WARN_INFINITE_RECURSION = YES;
				CLANG_WARN_INT_CONVERSION = YES;
				CLANG_WARN_NON_LITERAL_NULL_CONVERSION = YES;
				CLANG_WARN_OBJC_IMPLICIT_RETAIN_SELF = YES;
				CLANG_WARN_OBJC_LITERAL_CONVERSION = YES;
				CLANG_WARN_OBJC_ROOT_CLASS = YES_ERROR;
				CLANG_WARN_RANGE_LOOP_ANALYSIS = YES;
				CLANG_WARN_STRICT_PROTOTYPES = YES;
				CLANG_WARN_SUSPICIOUS_MOVE = YES;
				CLANG_WARN_UNGUARDED_AVAILABILITY = YES_AGGRESSIVE;
				CLANG_WARN_UNREACHABLE_CODE = YES;
				CLANG_WARN__DUPLICATE_METHOD_MATCH = YES;
				COPY_PHASE_STRIP = NO;
				DEBUG_INFORMATION_FORMAT = "dwarf-with-dsym";
				ENABLE_NS_ASSERTIONS = NO;
				ENABLE_STRICT_OBJC_MSGSEND = YES;
				GCC_C_LANGUAGE_STANDARD = gnu11;
				GCC_NO_COMMON_BLOCKS = YES;
				GCC_WARN_64_TO_32_BIT_CONVERSION = YES;
				GCC_WARN_ABOUT_RETURN_TYPE = YES_ERROR;
				GCC_WARN_UNDECLARED_SELECTOR = YES;
				GCC_WARN_UNINITIALIZED_AUTOS = YES_AGGRESSIVE;
				GCC_WARN_UNUSED_FUNCTION = YES;
				GCC_WARN_UNUSED_VARIABLE = YES;
				IPHONEOS_DEPLOYMENT_TARGET = 13.2;
				MTL_ENABLE_DEBUG_INFO = NO;
				MTL_FAST_MATH = YES;
				SDKROOT = iphoneos;
				SWIFT_COMPILATION_MODE = wholemodule;
				SWIFT_OPTIMIZATION_LEVEL = "-O";
				VALIDATE_PRODUCT = YES;
			};
			name = Release;
		};
		42AB269824C8A081007B5E37 /* Debug */ = {
			isa = XCBuildConfiguration;
			buildSettings = {
				ASSETCATALOG_COMPILER_APPICON_NAME = AppIcon;
				CODE_SIGN_STYLE = Automatic;
				INFOPLIST_FILE = tip/Info.plist;
				LD_RUNPATH_SEARCH_PATHS = (
					"$(inherited)",
					"@executable_path/Frameworks",
				);
				PRODUCT_BUNDLE_IDENTIFIER = Codepath.tip;
				PRODUCT_NAME = "$(TARGET_NAME)";
				SWIFT_VERSION = 5.0;
				TARGETED_DEVICE_FAMILY = "1,2";
			};
			name = Debug;
		};
		42AB269924C8A081007B5E37 /* Release */ = {
			isa = XCBuildConfiguration;
			buildSettings = {
				ASSETCATALOG_COMPILER_APPICON_NAME = AppIcon;
				CODE_SIGN_STYLE = Automatic;
				INFOPLIST_FILE = tip/Info.plist;
				LD_RUNPATH_SEARCH_PATHS = (
					"$(inherited)",
					"@executable_path/Frameworks",
				);
				PRODUCT_BUNDLE_IDENTIFIER = Codepath.tip;
				PRODUCT_NAME = "$(TARGET_NAME)";
				SWIFT_VERSION = 5.0;
				TARGETED_DEVICE_FAMILY = "1,2";
			};
			name = Release;
		};
		42AB269B24C8A081007B5E37 /* Debug */ = {
			isa = XCBuildConfiguration;
			buildSettings = {
				ALWAYS_EMBED_SWIFT_STANDARD_LIBRARIES = YES;
				BUNDLE_LOADER = "$(TEST_HOST)";
				CODE_SIGN_STYLE = Automatic;
				INFOPLIST_FILE = tipTests/Info.plist;
				IPHONEOS_DEPLOYMENT_TARGET = 13.2;
				LD_RUNPATH_SEARCH_PATHS = (
					"$(inherited)",
					"@executable_path/Frameworks",
					"@loader_path/Frameworks",
				);
				PRODUCT_BUNDLE_IDENTIFIER = Codepath.tipTests;
				PRODUCT_NAME = "$(TARGET_NAME)";
				SWIFT_VERSION = 5.0;
				TARGETED_DEVICE_FAMILY = "1,2";
				TEST_HOST = "$(BUILT_PRODUCTS_DIR)/tip.app/tip";
			};
			name = Debug;
		};
		42AB269C24C8A081007B5E37 /* Release */ = {
			isa = XCBuildConfiguration;
			buildSettings = {
				ALWAYS_EMBED_SWIFT_STANDARD_LIBRARIES = YES;
				BUNDLE_LOADER = "$(TEST_HOST)";
				CODE_SIGN_STYLE = Automatic;
				INFOPLIST_FILE = tipTests/Info.plist;
				IPHONEOS_DEPLOYMENT_TARGET = 13.2;
				LD_RUNPATH_SEARCH_PATHS = (
					"$(inherited)",
					"@executable_path/Frameworks",
					"@loader_path/Frameworks",
				);
				PRODUCT_BUNDLE_IDENTIFIER = Codepath.tipTests;
				PRODUCT_NAME = "$(TARGET_NAME)";
				SWIFT_VERSION = 5.0;
				TARGETED_DEVICE_FAMILY = "1,2";
				TEST_HOST = "$(BUILT_PRODUCTS_DIR)/tip.app/tip";
			};
			name = Release;
		};
		42AB269E24C8A081007B5E37 /* Debug */ = {
			isa = XCBuildConfiguration;
			buildSettings = {
				ALWAYS_EMBED_SWIFT_STANDARD_LIBRARIES = YES;
				CODE_SIGN_STYLE = Automatic;
				INFOPLIST_FILE = tipUITests/Info.plist;
				LD_RUNPATH_SEARCH_PATHS = (
					"$(inherited)",
					"@executable_path/Frameworks",
					"@loader_path/Frameworks",
				);
				PRODUCT_BUNDLE_IDENTIFIER = Codepath.tipUITests;
				PRODUCT_NAME = "$(TARGET_NAME)";
				SWIFT_VERSION = 5.0;
				TARGETED_DEVICE_FAMILY = "1,2";
				TEST_TARGET_NAME = tip;
			};
			name = Debug;
		};
		42AB269F24C8A081007B5E37 /* Release */ = {
			isa = XCBuildConfiguration;
			buildSettings = {
				ALWAYS_EMBED_SWIFT_STANDARD_LIBRARIES = YES;
				CODE_SIGN_STYLE = Automatic;
				INFOPLIST_FILE = tipUITests/Info.plist;
				LD_RUNPATH_SEARCH_PATHS = (
					"$(inherited)",
					"@executable_path/Frameworks",
					"@loader_path/Frameworks",
				);
				PRODUCT_BUNDLE_IDENTIFIER = Codepath.tipUITests;
				PRODUCT_NAME = "$(TARGET_NAME)";
				SWIFT_VERSION = 5.0;
				TARGETED_DEVICE_FAMILY = "1,2";
				TEST_TARGET_NAME = tip;
			};
			name = Release;
		};
/* End XCBuildConfiguration section */

/* Begin XCConfigurationList section */
		42AB266824C8A07F007B5E37 /* Build configuration list for PBXProject "tip" */ = {
			isa = XCConfigurationList;
			buildConfigurations = (
				42AB269524C8A081007B5E37 /* Debug */,
				42AB269624C8A081007B5E37 /* Release */,
			);
			defaultConfigurationIsVisible = 0;
			defaultConfigurationName = Release;
		};
		42AB269724C8A081007B5E37 /* Build configuration list for PBXNativeTarget "tip" */ = {
			isa = XCConfigurationList;
			buildConfigurations = (
				42AB269824C8A081007B5E37 /* Debug */,
				42AB269924C8A081007B5E37 /* Release */,
			);
			defaultConfigurationIsVisible = 0;
			defaultConfigurationName = Release;
		};
		42AB269A24C8A081007B5E37 /* Build configuration list for PBXNativeTarget "tipTests" */ = {
			isa = XCConfigurationList;
			buildConfigurations = (
				42AB269B24C8A081007B5E37 /* Debug */,
				42AB269C24C8A081007B5E37 /* Release */,
			);
			defaultConfigurationIsVisible = 0;
			defaultConfigurationName = Release;
		};
		42AB269D24C8A081007B5E37 /* Build configuration list for PBXNativeTarget "tipUITests" */ = {
			isa = XCConfigurationList;
			buildConfigurations = (
				42AB269E24C8A081007B5E37 /* Debug */,
				42AB269F24C8A081007B5E37 /* Release */,
			);
			defaultConfigurationIsVisible = 0;
			defaultConfigurationName = Release;
		};
/* End XCConfigurationList section */
	};
	rootObject = 42AB266524C8A07F007B5E37 /* Project object */;
}
